
Microsoft Visual Studio Solution File, Format Version 12.00
# Visual Studio Version 17
VisualStudioVersion = 17.8.34330.188
MinimumVisualStudioVersion = 10.0.40219.1
Project("{FAE04EC0-301F-11D3-BF4B-00C04F79EFBC}") = "MusicPortal", "MusicPortal\MusicPortal.csproj", "{F551EED5-50AF-4B7B-A3B8-D8729B7EECE6}"
EndProject
Global
	GlobalSection(SolutionConfigurationPlatforms) = preSolution
		Debug|Any CPU = Debug|Any CPU
		Release|Any CPU = Release|Any CPU
	EndGlobalSection
	GlobalSection(ProjectConfigurationPlatforms) = postSolution
		{F551EED5-50AF-4B7B-A3B8-D8729B7EECE6}.Debug|Any CPU.ActiveCfg = Debug|Any CPU
		{F551EED5-50AF-4B7B-A3B8-D8729B7EECE6}.Debug|Any CPU.Build.0 = Debug|Any CPU
		{F551EED5-50AF-4B7B-A3B8-D8729B7EECE6}.Release|Any CPU.ActiveCfg = Release|Any CPU
		{F551EED5-50AF-4B7B-A3B8-D8729B7EECE6}.Release|Any CPU.Build.0 = Release|Any CPU
	EndGlobalSection
	GlobalSection(SolutionProperties) = preSolution
		HideSolutionNode = FALSE
	EndGlobalSection
	GlobalSection(ExtensibilityGlobals) = postSolution
		SolutionGuid = {52056037-05BE-4754-A799-5DC2AE23B257}
	EndGlobalSection
EndGlobal
