
Microsoft Visual Studio Solution File, Format Version 12.00
# Visual Studio Version 17
VisualStudioVersion = 17.8.34330.188
MinimumVisualStudioVersion = 10.0.40219.1
Project("{FAE04EC0-301F-11D3-BF4B-00C04F79EFBC}") = "MusicPortal", "MusicPortal\MusicPortal.csproj", "{F551EED5-50AF-4B7B-A3B8-D8729B7EECE6}"
EndProject
Project("{FAE04EC0-301F-11D3-BF4B-00C04F79EFBC}") = "MusicPortal.BLL", "MusicPortal.BLL\MusicPortal.BLL.csproj", "{D6C09896-F5BF-4F22-83CF-FC262515EF61}"
EndProject
Project("{FAE04EC0-301F-11D3-BF4B-00C04F79EFBC}") = "MusicPortal.DAL", "MusicPortal.DAL\MusicPortal.DAL.csproj", "{5CF955A8-8E60-42D6-A1ED-DE9CBD08A87E}"
EndProject
Global
	GlobalSection(SolutionConfigurationPlatforms) = preSolution
		Debug|Any CPU = Debug|Any CPU
		Release|Any CPU = Release|Any CPU
	EndGlobalSection
	GlobalSection(ProjectConfigurationPlatforms) = postSolution
		{F551EED5-50AF-4B7B-A3B8-D8729B7EECE6}.Debug|Any CPU.ActiveCfg = Debug|Any CPU
		{F551EED5-50AF-4B7B-A3B8-D8729B7EECE6}.Debug|Any CPU.Build.0 = Debug|Any CPU
		{F551EED5-50AF-4B7B-A3B8-D8729B7EECE6}.Release|Any CPU.ActiveCfg = Release|Any CPU
		{F551EED5-50AF-4B7B-A3B8-D8729B7EECE6}.Release|Any CPU.Build.0 = Release|Any CPU
		{D6C09896-F5BF-4F22-83CF-FC262515EF61}.Debug|Any CPU.ActiveCfg = Debug|Any CPU
		{D6C09896-F5BF-4F22-83CF-FC262515EF61}.Debug|Any CPU.Build.0 = Debug|Any CPU
		{D6C09896-F5BF-4F22-83CF-FC262515EF61}.Release|Any CPU.ActiveCfg = Release|Any CPU
		{D6C09896-F5BF-4F22-83CF-FC262515EF61}.Release|Any CPU.Build.0 = Release|Any CPU
		{5CF955A8-8E60-42D6-A1ED-DE9CBD08A87E}.Debug|Any CPU.ActiveCfg = Debug|Any CPU
		{5CF955A8-8E60-42D6-A1ED-DE9CBD08A87E}.Debug|Any CPU.Build.0 = Debug|Any CPU
		{5CF955A8-8E60-42D6-A1ED-DE9CBD08A87E}.Release|Any CPU.ActiveCfg = Release|Any CPU
		{5CF955A8-8E60-42D6-A1ED-DE9CBD08A87E}.Release|Any CPU.Build.0 = Release|Any CPU
	EndGlobalSection
	GlobalSection(SolutionProperties) = preSolution
		HideSolutionNode = FALSE
	EndGlobalSection
	GlobalSection(ExtensibilityGlobals) = postSolution
		SolutionGuid = {52056037-05BE-4754-A799-5DC2AE23B257}
	EndGlobalSection
EndGlobal
